dependencies:
- name: rabbitmq
  repository: oci://registry-1.docker.io/bitnamicharts
  version: 15.0.5
- name: xtdb
  repository: file://../xtdb
  version: 0.1.0
- name: openkat-boefje
  repository: file://../openkat-boefje
  version: 0.1.0
- name: openkat-bytes
  repository: file://../openkat-bytes
  version: 0.1.0
- name: openkat-katalogus
  repository: file://../openkat-katalogus
  version: 0.1.0
- name: openkat-keiko
  repository: file://../openkat-keiko
  version: 0.1.0
- name: openkat-normalizer
  repository: file://../openkat-normalizer
  version: 0.1.0
- name: openkat-octopoes
  repository: file://../openkat-octopoes
  version: 0.1.0
- name: openkat-octopoes-worker
  repository: file://../openkat-octopoes-worker
  version: 0.1.0
- name: openkat-rocky
  repository: file://../openkat-rocky
  version: 0.1.0
- name: openkat-scheduler
  repository: file://../openkat-scheduler
  version: 0.1.0
digest: sha256:fd4fd70c62499ee5968235952b1f4d6ff7a2ae5ae42c06f5ed8c738ea62bc400
generated: "2024-11-07T19:58:57.565388+01:00"
